
Microsoft Visual Studio Solution File, Format Version 12.00
# Visual Studio Version 17
VisualStudioVersion = 17.2.32519.379
MinimumVisualStudioVersion = 10.0.40219.1
Project("{FAE04EC0-301F-11D3-BF4B-00C04F79EFBC}") = "CollectinAddressBook", "CollectinAddressBook\CollectinAddressBook.csproj", "{333D6E1B-61DF-4BB4-906B-7F1D0E1903CC}"
EndProject
Global
	GlobalSection(SolutionConfigurationPlatforms) = preSolution
		Debug|Any CPU = Debug|Any CPU
		Release|Any CPU = Release|Any CPU
	EndGlobalSection
	GlobalSection(ProjectConfigurationPlatforms) = postSolution
		{333D6E1B-61DF-4BB4-906B-7F1D0E1903CC}.Debug|Any CPU.ActiveCfg = Debug|Any CPU
		{333D6E1B-61DF-4BB4-906B-7F1D0E1903CC}.Debug|Any CPU.Build.0 = Debug|Any CPU
		{333D6E1B-61DF-4BB4-906B-7F1D0E1903CC}.Release|Any CPU.ActiveCfg = Release|Any CPU
		{333D6E1B-61DF-4BB4-906B-7F1D0E1903CC}.Release|Any CPU.Build.0 = Release|Any CPU
	EndGlobalSection
	GlobalSection(SolutionProperties) = preSolution
		HideSolutionNode = FALSE
	EndGlobalSection
	GlobalSection(ExtensibilityGlobals) = postSolution
		SolutionGuid = {55A8BD55-3F52-4522-8792-CB594F0EA3B5}
	EndGlobalSection
EndGlobal
